
Microsoft Visual Studio Solution File, Format Version 12.00
# TcXaeShell Solution File, Format Version 11.00
VisualStudioVersion = 17.7.34302.85
MinimumVisualStudioVersion = 10.0.40219.1
Project("{B1E792BE-AA5F-4E3C-8C82-674BF9C0715B}") = "EC Slave-Bridge Demo", "EC Slave-Bridge Demo\EC Slave-Bridge Demo.tsproj", "{E45A470B-B44D-4E9F-B14D-2E94AE429638}"
EndProject
Project("{B1E792BE-AA5F-4E3C-8C82-674BF9C0715B}") = "EC-SLAVE Project", "EC-SLAVE Project\EC-SLAVE Project.tsproj", "{FE2356D1-BDAD-45A0-9E23-6BE42AD7EA02}"
EndProject
Global
	GlobalSection(SolutionConfigurationPlatforms) = preSolution
		Debug|TwinCAT OS (ARMV7-A) = Debug|TwinCAT OS (ARMV7-A)
		Debug|TwinCAT OS (ARMV7-M) = Debug|TwinCAT OS (ARMV7-M)
		Debug|TwinCAT OS (ARMV8-A) = Debug|TwinCAT OS (ARMV8-A)
		Debug|TwinCAT OS (x64) = Debug|TwinCAT OS (x64)
		Debug|TwinCAT RT (x64) = Debug|TwinCAT RT (x64)
		Debug|TwinCAT RT (x86) = Debug|TwinCAT RT (x86)
		Release|TwinCAT OS (ARMV7-A) = Release|TwinCAT OS (ARMV7-A)
		Release|TwinCAT OS (ARMV7-M) = Release|TwinCAT OS (ARMV7-M)
		Release|TwinCAT OS (ARMV8-A) = Release|TwinCAT OS (ARMV8-A)
		Release|TwinCAT OS (x64) = Release|TwinCAT OS (x64)
		Release|TwinCAT RT (x64) = Release|TwinCAT RT (x64)
		Release|TwinCAT RT (x86) = Release|TwinCAT RT (x86)
	EndGlobalSection
	GlobalSection(ProjectConfigurationPlatforms) = postSolution
		{E45A470B-B44D-4E9F-B14D-2E94AE429638}.Debug|TwinCAT OS (ARMV7-A).ActiveCfg = Debug|TwinCAT OS (ARMV7-A)
		{E45A470B-B44D-4E9F-B14D-2E94AE429638}.Debug|TwinCAT OS (ARMV7-A).Build.0 = Debug|TwinCAT OS (ARMV7-A)
		{E45A470B-B44D-4E9F-B14D-2E94AE429638}.Debug|TwinCAT OS (ARMV7-M).ActiveCfg = Debug|TwinCAT OS (ARMV7-M)
		{E45A470B-B44D-4E9F-B14D-2E94AE429638}.Debug|TwinCAT OS (ARMV7-M).Build.0 = Debug|TwinCAT OS (ARMV7-M)
		{E45A470B-B44D-4E9F-B14D-2E94AE429638}.Debug|TwinCAT OS (ARMV8-A).ActiveCfg = Debug|TwinCAT OS (ARMV8-A)
		{E45A470B-B44D-4E9F-B14D-2E94AE429638}.Debug|TwinCAT OS (ARMV8-A).Build.0 = Debug|TwinCAT OS (ARMV8-A)
		{E45A470B-B44D-4E9F-B14D-2E94AE429638}.Debug|TwinCAT OS (x64).ActiveCfg = Debug|TwinCAT OS (x64)
		{E45A470B-B44D-4E9F-B14D-2E94AE429638}.Debug|TwinCAT OS (x64).Build.0 = Debug|TwinCAT OS (x64)
		{E45A470B-B44D-4E9F-B14D-2E94AE429638}.Debug|TwinCAT RT (x64).ActiveCfg = Debug|TwinCAT RT (x64)
		{E45A470B-B44D-4E9F-B14D-2E94AE429638}.Debug|TwinCAT RT (x64).Build.0 = Debug|TwinCAT RT (x64)
		{E45A470B-B44D-4E9F-B14D-2E94AE429638}.Debug|TwinCAT RT (x86).ActiveCfg = Debug|TwinCAT RT (x86)
		{E45A470B-B44D-4E9F-B14D-2E94AE429638}.Debug|TwinCAT RT (x86).Build.0 = Debug|TwinCAT RT (x86)
		{E45A470B-B44D-4E9F-B14D-2E94AE429638}.Release|TwinCAT OS (ARMV7-A).ActiveCfg = Release|TwinCAT OS (ARMV7-A)
		{E45A470B-B44D-4E9F-B14D-2E94AE429638}.Release|TwinCAT OS (ARMV7-A).Build.0 = Release|TwinCAT OS (ARMV7-A)
		{E45A470B-B44D-4E9F-B14D-2E94AE429638}.Release|TwinCAT OS (ARMV7-M).ActiveCfg = Release|TwinCAT OS (ARMV7-M)
		{E45A470B-B44D-4E9F-B14D-2E94AE429638}.Release|TwinCAT OS (ARMV7-M).Build.0 = Release|TwinCAT OS (ARMV7-M)
		{E45A470B-B44D-4E9F-B14D-2E94AE429638}.Release|TwinCAT OS (ARMV8-A).ActiveCfg = Release|TwinCAT OS (ARMV8-A)
		{E45A470B-B44D-4E9F-B14D-2E94AE429638}.Release|TwinCAT OS (ARMV8-A).Build.0 = Release|TwinCAT OS (ARMV8-A)
		{E45A470B-B44D-4E9F-B14D-2E94AE429638}.Release|TwinCAT OS (x64).ActiveCfg = Release|TwinCAT OS (x64)
		{E45A470B-B44D-4E9F-B14D-2E94AE429638}.Release|TwinCAT OS (x64).Build.0 = Release|TwinCAT OS (x64)
		{E45A470B-B44D-4E9F-B14D-2E94AE429638}.Release|TwinCAT RT (x64).ActiveCfg = Release|TwinCAT RT (x64)
		{E45A470B-B44D-4E9F-B14D-2E94AE429638}.Release|TwinCAT RT (x64).Build.0 = Release|TwinCAT RT (x64)
		{E45A470B-B44D-4E9F-B14D-2E94AE429638}.Release|TwinCAT RT (x86).ActiveCfg = Release|TwinCAT RT (x86)
		{E45A470B-B44D-4E9F-B14D-2E94AE429638}.Release|TwinCAT RT (x86).Build.0 = Release|TwinCAT RT (x86)
		{FE2356D1-BDAD-45A0-9E23-6BE42AD7EA02}.Debug|TwinCAT OS (ARMV7-A).ActiveCfg = Debug|TwinCAT OS (ARMV7-A)
		{FE2356D1-BDAD-45A0-9E23-6BE42AD7EA02}.Debug|TwinCAT OS (ARMV7-A).Build.0 = Debug|TwinCAT OS (ARMV7-A)
		{FE2356D1-BDAD-45A0-9E23-6BE42AD7EA02}.Debug|TwinCAT OS (ARMV7-M).ActiveCfg = Debug|TwinCAT OS (ARMV7-M)
		{FE2356D1-BDAD-45A0-9E23-6BE42AD7EA02}.Debug|TwinCAT OS (ARMV7-M).Build.0 = Debug|TwinCAT OS (ARMV7-M)
		{FE2356D1-BDAD-45A0-9E23-6BE42AD7EA02}.Debug|TwinCAT OS (ARMV8-A).ActiveCfg = Debug|TwinCAT OS (ARMV8-A)
		{FE2356D1-BDAD-45A0-9E23-6BE42AD7EA02}.Debug|TwinCAT OS (ARMV8-A).Build.0 = Debug|TwinCAT OS (ARMV8-A)
		{FE2356D1-BDAD-45A0-9E23-6BE42AD7EA02}.Debug|TwinCAT OS (x64).ActiveCfg = Debug|TwinCAT OS (x64)
		{FE2356D1-BDAD-45A0-9E23-6BE42AD7EA02}.Debug|TwinCAT OS (x64).Build.0 = Debug|TwinCAT OS (x64)
		{FE2356D1-BDAD-45A0-9E23-6BE42AD7EA02}.Debug|TwinCAT RT (x64).ActiveCfg = Debug|TwinCAT RT (x64)
		{FE2356D1-BDAD-45A0-9E23-6BE42AD7EA02}.Debug|TwinCAT RT (x64).Build.0 = Debug|TwinCAT RT (x64)
		{FE2356D1-BDAD-45A0-9E23-6BE42AD7EA02}.Debug|TwinCAT RT (x86).ActiveCfg = Debug|TwinCAT RT (x86)
		{FE2356D1-BDAD-45A0-9E23-6BE42AD7EA02}.Debug|TwinCAT RT (x86).Build.0 = Debug|TwinCAT RT (x86)
		{FE2356D1-BDAD-45A0-9E23-6BE42AD7EA02}.Release|TwinCAT OS (ARMV7-A).ActiveCfg = Release|TwinCAT OS (ARMV7-A)
		{FE2356D1-BDAD-45A0-9E23-6BE42AD7EA02}.Release|TwinCAT OS (ARMV7-A).Build.0 = Release|TwinCAT OS (ARMV7-A)
		{FE2356D1-BDAD-45A0-9E23-6BE42AD7EA02}.Release|TwinCAT OS (ARMV7-M).ActiveCfg = Release|TwinCAT OS (ARMV7-M)
		{FE2356D1-BDAD-45A0-9E23-6BE42AD7EA02}.Release|TwinCAT OS (ARMV7-M).Build.0 = Release|TwinCAT OS (ARMV7-M)
		{FE2356D1-BDAD-45A0-9E23-6BE42AD7EA02}.Release|TwinCAT OS (ARMV8-A).ActiveCfg = Release|TwinCAT OS (ARMV8-A)
		{FE2356D1-BDAD-45A0-9E23-6BE42AD7EA02}.Release|TwinCAT OS (ARMV8-A).Build.0 = Release|TwinCAT OS (ARMV8-A)
		{FE2356D1-BDAD-45A0-9E23-6BE42AD7EA02}.Release|TwinCAT OS (x64).ActiveCfg = Release|TwinCAT OS (x64)
		{FE2356D1-BDAD-45A0-9E23-6BE42AD7EA02}.Release|TwinCAT OS (x64).Build.0 = Release|TwinCAT OS (x64)
		{FE2356D1-BDAD-45A0-9E23-6BE42AD7EA02}.Release|TwinCAT RT (x64).ActiveCfg = Release|TwinCAT RT (x64)
		{FE2356D1-BDAD-45A0-9E23-6BE42AD7EA02}.Release|TwinCAT RT (x64).Build.0 = Release|TwinCAT RT (x64)
		{FE2356D1-BDAD-45A0-9E23-6BE42AD7EA02}.Release|TwinCAT RT (x86).ActiveCfg = Release|TwinCAT RT (x86)
		{FE2356D1-BDAD-45A0-9E23-6BE42AD7EA02}.Release|TwinCAT RT (x86).Build.0 = Release|TwinCAT RT (x86)
		{2F8D75A0-FE45-4E6F-8E30-8EDC68F6565E}.Debug|TwinCAT OS (ARMV7-A).ActiveCfg = Debug|TwinCAT OS (ARMV7-A)
		{2F8D75A0-FE45-4E6F-8E30-8EDC68F6565E}.Debug|TwinCAT OS (ARMV7-A).Build.0 = Debug|TwinCAT OS (ARMV7-A)
		{2F8D75A0-FE45-4E6F-8E30-8EDC68F6565E}.Debug|TwinCAT OS (ARMV7-M).ActiveCfg = Debug|TwinCAT OS (ARMV7-M)
		{2F8D75A0-FE45-4E6F-8E30-8EDC68F6565E}.Debug|TwinCAT OS (ARMV7-M).Build.0 = Debug|TwinCAT OS (ARMV7-M)
		{2F8D75A0-FE45-4E6F-8E30-8EDC68F6565E}.Debug|TwinCAT OS (ARMV8-A).ActiveCfg = Debug|TwinCAT OS (ARMV8-A)
		{2F8D75A0-FE45-4E6F-8E30-8EDC68F6565E}.Debug|TwinCAT OS (ARMV8-A).Build.0 = Debug|TwinCAT OS (ARMV8-A)
		{2F8D75A0-FE45-4E6F-8E30-8EDC68F6565E}.Debug|TwinCAT OS (x64).ActiveCfg = Debug|TwinCAT OS (x64)
		{2F8D75A0-FE45-4E6F-8E30-8EDC68F6565E}.Debug|TwinCAT OS (x64).Build.0 = Debug|TwinCAT OS (x64)
		{2F8D75A0-FE45-4E6F-8E30-8EDC68F6565E}.Debug|TwinCAT RT (x64).ActiveCfg = Debug|TwinCAT RT (x64)
		{2F8D75A0-FE45-4E6F-8E30-8EDC68F6565E}.Debug|TwinCAT RT (x64).Build.0 = Debug|TwinCAT RT (x64)
		{2F8D75A0-FE45-4E6F-8E30-8EDC68F6565E}.Debug|TwinCAT RT (x86).ActiveCfg = Debug|TwinCAT RT (x86)
		{2F8D75A0-FE45-4E6F-8E30-8EDC68F6565E}.Debug|TwinCAT RT (x86).Build.0 = Debug|TwinCAT RT (x86)
		{2F8D75A0-FE45-4E6F-8E30-8EDC68F6565E}.Release|TwinCAT OS (ARMV7-A).ActiveCfg = Release|TwinCAT OS (ARMV7-A)
		{2F8D75A0-FE45-4E6F-8E30-8EDC68F6565E}.Release|TwinCAT OS (ARMV7-A).Build.0 = Release|TwinCAT OS (ARMV7-A)
		{2F8D75A0-FE45-4E6F-8E30-8EDC68F6565E}.Release|TwinCAT OS (ARMV7-M).ActiveCfg = Release|TwinCAT OS (ARMV7-M)
		{2F8D75A0-FE45-4E6F-8E30-8EDC68F6565E}.Release|TwinCAT OS (ARMV7-M).Build.0 = Release|TwinCAT OS (ARMV7-M)
		{2F8D75A0-FE45-4E6F-8E30-8EDC68F6565E}.Release|TwinCAT OS (ARMV8-A).ActiveCfg = Release|TwinCAT OS (ARMV8-A)
		{2F8D75A0-FE45-4E6F-8E30-8EDC68F6565E}.Release|TwinCAT OS (ARMV8-A).Build.0 = Release|TwinCAT OS (ARMV8-A)
		{2F8D75A0-FE45-4E6F-8E30-8EDC68F6565E}.Release|TwinCAT OS (x64).ActiveCfg = Release|TwinCAT OS (x64)
		{2F8D75A0-FE45-4E6F-8E30-8EDC68F6565E}.Release|TwinCAT OS (x64).Build.0 = Release|TwinCAT OS (x64)
		{2F8D75A0-FE45-4E6F-8E30-8EDC68F6565E}.Release|TwinCAT RT (x64).ActiveCfg = Release|TwinCAT RT (x64)
		{2F8D75A0-FE45-4E6F-8E30-8EDC68F6565E}.Release|TwinCAT RT (x64).Build.0 = Release|TwinCAT RT (x64)
		{2F8D75A0-FE45-4E6F-8E30-8EDC68F6565E}.Release|TwinCAT RT (x86).ActiveCfg = Release|TwinCAT RT (x86)
		{2F8D75A0-FE45-4E6F-8E30-8EDC68F6565E}.Release|TwinCAT RT (x86).Build.0 = Release|TwinCAT RT (x86)
		{36E13A2C-F94C-47E1-8727-CECA94D0A252}.Debug|TwinCAT OS (ARMV7-A).ActiveCfg = Debug|TwinCAT OS (ARMV7-A)
		{36E13A2C-F94C-47E1-8727-CECA94D0A252}.Debug|TwinCAT OS (ARMV7-A).Build.0 = Debug|TwinCAT OS (ARMV7-A)
		{36E13A2C-F94C-47E1-8727-CECA94D0A252}.Debug|TwinCAT OS (ARMV7-M).ActiveCfg = Debug|TwinCAT OS (ARMV7-M)
		{36E13A2C-F94C-47E1-8727-CECA94D0A252}.Debug|TwinCAT OS (ARMV7-M).Build.0 = Debug|TwinCAT OS (ARMV7-M)
		{36E13A2C-F94C-47E1-8727-CECA94D0A252}.Debug|TwinCAT OS (ARMV8-A).ActiveCfg = Debug|TwinCAT OS (ARMV8-A)
		{36E13A2C-F94C-47E1-8727-CECA94D0A252}.Debug|TwinCAT OS (ARMV8-A).Build.0 = Debug|TwinCAT OS (ARMV8-A)
		{36E13A2C-F94C-47E1-8727-CECA94D0A252}.Debug|TwinCAT OS (x64).ActiveCfg = Debug|TwinCAT OS (x64)
		{36E13A2C-F94C-47E1-8727-CECA94D0A252}.Debug|TwinCAT OS (x64).Build.0 = Debug|TwinCAT OS (x64)
		{36E13A2C-F94C-47E1-8727-CECA94D0A252}.Debug|TwinCAT RT (x64).ActiveCfg = Debug|TwinCAT RT (x64)
		{36E13A2C-F94C-47E1-8727-CECA94D0A252}.Debug|TwinCAT RT (x64).Build.0 = Debug|TwinCAT RT (x64)
		{36E13A2C-F94C-47E1-8727-CECA94D0A252}.Debug|TwinCAT RT (x86).ActiveCfg = Debug|TwinCAT RT (x86)
		{36E13A2C-F94C-47E1-8727-CECA94D0A252}.Debug|TwinCAT RT (x86).Build.0 = Debug|TwinCAT RT (x86)
		{36E13A2C-F94C-47E1-8727-CECA94D0A252}.Release|TwinCAT OS (ARMV7-A).ActiveCfg = Release|TwinCAT OS (ARMV7-A)
		{36E13A2C-F94C-47E1-8727-CECA94D0A252}.Release|TwinCAT OS (ARMV7-A).Build.0 = Release|TwinCAT OS (ARMV7-A)
		{36E13A2C-F94C-47E1-8727-CECA94D0A252}.Release|TwinCAT OS (ARMV7-M).ActiveCfg = Release|TwinCAT OS (ARMV7-M)
		{36E13A2C-F94C-47E1-8727-CECA94D0A252}.Release|TwinCAT OS (ARMV7-M).Build.0 = Release|TwinCAT OS (ARMV7-M)
		{36E13A2C-F94C-47E1-8727-CECA94D0A252}.Release|TwinCAT OS (ARMV8-A).ActiveCfg = Release|TwinCAT OS (ARMV8-A)
		{36E13A2C-F94C-47E1-8727-CECA94D0A252}.Release|TwinCAT OS (ARMV8-A).Build.0 = Release|TwinCAT OS (ARMV8-A)
		{36E13A2C-F94C-47E1-8727-CECA94D0A252}.Release|TwinCAT OS (x64).ActiveCfg = Release|TwinCAT OS (x64)
		{36E13A2C-F94C-47E1-8727-CECA94D0A252}.Release|TwinCAT OS (x64).Build.0 = Release|TwinCAT OS (x64)
		{36E13A2C-F94C-47E1-8727-CECA94D0A252}.Release|TwinCAT RT (x64).ActiveCfg = Release|TwinCAT RT (x64)
		{36E13A2C-F94C-47E1-8727-CECA94D0A252}.Release|TwinCAT RT (x64).Build.0 = Release|TwinCAT RT (x64)
		{36E13A2C-F94C-47E1-8727-CECA94D0A252}.Release|TwinCAT RT (x86).ActiveCfg = Release|TwinCAT RT (x86)
		{36E13A2C-F94C-47E1-8727-CECA94D0A252}.Release|TwinCAT RT (x86).Build.0 = Release|TwinCAT RT (x86)
	EndGlobalSection
	GlobalSection(SolutionProperties) = preSolution
		HideSolutionNode = FALSE
	EndGlobalSection
	GlobalSection(ExtensibilityGlobals) = postSolution
		SolutionGuid = {2B988EA2-4F29-46DB-B2EA-F812CB820F46}
	EndGlobalSection
EndGlobal
